// !$*UTF8*$!
{
	archiveVersion = 1;
	classes = {
	};
	objectVersion = 46;
	objects = {

/* Begin PBXBuildFile section */
		6176D85C853301776C40AAAA /* Pods_BitterUITests.framework in Frameworks */ = {isa = PBXBuildFile; fileRef = 7040EE9EE38A8FDF8EAAFDBD /* Pods_BitterUITests.framework */; };
		9A3BEBFE3602754A7F1E8DC1 /* Pods_BitterTests.framework in Frameworks */ = {isa = PBXBuildFile; fileRef = 5C766D8019118EF57AAEC609 /* Pods_BitterTests.framework */; };
		CE5AABA9F7B05F7A526308B9 /* Pods_Bitter.framework in Frameworks */ = {isa = PBXBuildFile; fileRef = E0A5B7A35253DA4BDB0EF8DE /* Pods_Bitter.framework */; };
		ED201C2F1D231AFE005888E6 /* TweetsViewController.swift in Sources */ = {isa = PBXBuildFile; fileRef = ED201C2E1D231AFE005888E6 /* TweetsViewController.swift */; };
		ED201C311D234263005888E6 /* TweetTableView.swift in Sources */ = {isa = PBXBuildFile; fileRef = ED201C301D234263005888E6 /* TweetTableView.swift */; };
		ED201C331D234318005888E6 /* TweetViewCell.swift in Sources */ = {isa = PBXBuildFile; fileRef = ED201C321D234318005888E6 /* TweetViewCell.swift */; };
		ED4A8D821D21B7E3009A3937 /* AppDelegate.swift in Sources */ = {isa = PBXBuildFile; fileRef = ED4A8D811D21B7E3009A3937 /* AppDelegate.swift */; };
		ED4A8D841D21B7E3009A3937 /* ViewController.swift in Sources */ = {isa = PBXBuildFile; fileRef = ED4A8D831D21B7E3009A3937 /* ViewController.swift */; };
		ED4A8D871D21B7E3009A3937 /* Main.storyboard in Resources */ = {isa = PBXBuildFile; fileRef = ED4A8D851D21B7E3009A3937 /* Main.storyboard */; };
		ED4A8D891D21B7E3009A3937 /* Assets.xcassets in Resources */ = {isa = PBXBuildFile; fileRef = ED4A8D881D21B7E3009A3937 /* Assets.xcassets */; };
		ED4A8D8C1D21B7E3009A3937 /* LaunchScreen.storyboard in Resources */ = {isa = PBXBuildFile; fileRef = ED4A8D8A1D21B7E3009A3937 /* LaunchScreen.storyboard */; };
		ED4A8D971D21B7E3009A3937 /* BitterTests.swift in Sources */ = {isa = PBXBuildFile; fileRef = ED4A8D961D21B7E3009A3937 /* BitterTests.swift */; };
		ED4A8DA21D21B7E3009A3937 /* BitterUITests.swift in Sources */ = {isa = PBXBuildFile; fileRef = ED4A8DA11D21B7E3009A3937 /* BitterUITests.swift */; };
		ED98965E1D21C44D0012939D /* LoginViewController.swift in Sources */ = {isa = PBXBuildFile; fileRef = ED98965D1D21C44D0012939D /* LoginViewController.swift */; };
		ED9896631D21DAD30012939D /* User.swift in Sources */ = {isa = PBXBuildFile; fileRef = ED9896621D21DAD30012939D /* User.swift */; };
		ED9896651D21DAFB0012939D /* Tweet.swift in Sources */ = {isa = PBXBuildFile; fileRef = ED9896641D21DAFB0012939D /* Tweet.swift */; };
		ED9896671D21E7940012939D /* TwitterClient.swift in Sources */ = {isa = PBXBuildFile; fileRef = ED9896661D21E7940012939D /* TwitterClient.swift */; };
/* End PBXBuildFile section */

/* Begin PBXContainerItemProxy section */
		ED4A8D931D21B7E3009A3937 /* PBXContainerItemProxy */ = {
			isa = PBXContainerItemProxy;
			containerPortal = ED4A8D761D21B7E2009A3937 /* Project object */;
			proxyType = 1;
			remoteGlobalIDString = ED4A8D7D1D21B7E2009A3937;
			remoteInfo = Bitter;
		};
		ED4A8D9E1D21B7E3009A3937 /* PBXContainerItemProxy */ = {
			isa = PBXContainerItemProxy;
			containerPortal = ED4A8D761D21B7E2009A3937 /* Project object */;
			proxyType = 1;
			remoteGlobalIDString = ED4A8D7D1D21B7E2009A3937;
			remoteInfo = Bitter;
		};
/* End PBXContainerItemProxy section */

/* Begin PBXFileReference section */
		41135003B43BB3D3D9405175 /* Pods-Bitter.release.xcconfig */ = {isa = PBXFileReference; includeInIndex = 1; lastKnownFileType = text.xcconfig; name = "Pods-Bitter.release.xcconfig"; path = "Pods/Target Support Files/Pods-Bitter/Pods-Bitter.release.xcconfig"; sourceTree = "<group>"; };
		5C766D8019118EF57AAEC609 /* Pods_BitterTests.framework */ = {isa = PBXFileReference; explicitFileType = wrapper.framework; includeInIndex = 0; path = Pods_BitterTests.framework; sourceTree = BUILT_PRODUCTS_DIR; };
		7040EE9EE38A8FDF8EAAFDBD /* Pods_BitterUITests.framework */ = {isa = PBXFileReference; explicitFileType = wrapper.framework; includeInIndex = 0; path = Pods_BitterUITests.framework; sourceTree = BUILT_PRODUCTS_DIR; };
		762B997633154272DCE5D20C /* Pods-BitterUITests.release.xcconfig */ = {isa = PBXFileReference; includeInIndex = 1; lastKnownFileType = text.xcconfig; name = "Pods-BitterUITests.release.xcconfig"; path = "Pods/Target Support Files/Pods-BitterUITests/Pods-BitterUITests.release.xcconfig"; sourceTree = "<group>"; };
		832FDFE577637898116F9113 /* Pods-BitterUITests.debug.xcconfig */ = {isa = PBXFileReference; includeInIndex = 1; lastKnownFileType = text.xcconfig; name = "Pods-BitterUITests.debug.xcconfig"; path = "Pods/Target Support Files/Pods-BitterUITests/Pods-BitterUITests.debug.xcconfig"; sourceTree = "<group>"; };
		8AC8A0560BF908062266A6E0 /* Pods-BitterTests.release.xcconfig */ = {isa = PBXFileReference; includeInIndex = 1; lastKnownFileType = text.xcconfig; name = "Pods-BitterTests.release.xcconfig"; path = "Pods/Target Support Files/Pods-BitterTests/Pods-BitterTests.release.xcconfig"; sourceTree = "<group>"; };
		99F18DCBBCEC8FC41BA741EA /* Pods-Bitter.debug.xcconfig */ = {isa = PBXFileReference; includeInIndex = 1; lastKnownFileType = text.xcconfig; name = "Pods-Bitter.debug.xcconfig"; path = "Pods/Target Support Files/Pods-Bitter/Pods-Bitter.debug.xcconfig"; sourceTree = "<group>"; };
		BCA5DDE28B8DBCD4F8582FF5 /* Pods-BitterTests.debug.xcconfig */ = {isa = PBXFileReference; includeInIndex = 1; lastKnownFileType = text.xcconfig; name = "Pods-BitterTests.debug.xcconfig"; path = "Pods/Target Support Files/Pods-BitterTests/Pods-BitterTests.debug.xcconfig"; sourceTree = "<group>"; };
		E0A5B7A35253DA4BDB0EF8DE /* Pods_Bitter.framework */ = {isa = PBXFileReference; explicitFileType = wrapper.framework; includeInIndex = 0; path = Pods_Bitter.framework; sourceTree = BUILT_PRODUCTS_DIR; };
		ED201C2E1D231AFE005888E6 /* TweetsViewController.swift */ = {isa = PBXFileReference; fileEncoding = 4; lastKnownFileType = sourcecode.swift; path = TweetsViewController.swift; sourceTree = "<group>"; };
		ED201C301D234263005888E6 /* TweetTableView.swift */ = {isa = PBXFileReference; fileEncoding = 4; lastKnownFileType = sourcecode.swift; path = TweetTableView.swift; sourceTree = "<group>"; };
		ED201C321D234318005888E6 /* TweetViewCell.swift */ = {isa = PBXFileReference; fileEncoding = 4; lastKnownFileType = sourcecode.swift; path = TweetViewCell.swift; sourceTree = "<group>"; };
		ED4A8D7E1D21B7E2009A3937 /* Bitter.app */ = {isa = PBXFileReference; explicitFileType = wrapper.application; includeInIndex = 0; path = Bitter.app; sourceTree = BUILT_PRODUCTS_DIR; };
		ED4A8D811D21B7E3009A3937 /* AppDelegate.swift */ = {isa = PBXFileReference; lastKnownFileType = sourcecode.swift; path = AppDelegate.swift; sourceTree = "<group>"; };
		ED4A8D831D21B7E3009A3937 /* ViewController.swift */ = {isa = PBXFileReference; lastKnownFileType = sourcecode.swift; path = ViewController.swift; sourceTree = "<group>"; };
		ED4A8D861D21B7E3009A3937 /* Base */ = {isa = PBXFileReference; lastKnownFileType = file.storyboard; name = Base; path = Base.lproj/Main.storyboard; sourceTree = "<group>"; };
		ED4A8D881D21B7E3009A3937 /* Assets.xcassets */ = {isa = PBXFileReference; lastKnownFileType = folder.assetcatalog; path = Assets.xcassets; sourceTree = "<group>"; };
		ED4A8D8B1D21B7E3009A3937 /* Base */ = {isa = PBXFileReference; lastKnownFileType = file.storyboard; name = Base; path = Base.lproj/LaunchScreen.storyboard; sourceTree = "<group>"; };
		ED4A8D8D1D21B7E3009A3937 /* Info.plist */ = {isa = PBXFileReference; lastKnownFileType = text.plist.xml; path = Info.plist; sourceTree = "<group>"; };
		ED4A8D921D21B7E3009A3937 /* BitterTests.xctest */ = {isa = PBXFileReference; explicitFileType = wrapper.cfbundle; includeInIndex = 0; path = BitterTests.xctest; sourceTree = BUILT_PRODUCTS_DIR; };
		ED4A8D961D21B7E3009A3937 /* BitterTests.swift */ = {isa = PBXFileReference; lastKnownFileType = sourcecode.swift; path = BitterTests.swift; sourceTree = "<group>"; };
		ED4A8D981D21B7E3009A3937 /* Info.plist */ = {isa = PBXFileReference; lastKnownFileType = text.plist.xml; path = Info.plist; sourceTree = "<group>"; };
		ED4A8D9D1D21B7E3009A3937 /* BitterUITests.xctest */ = {isa = PBXFileReference; explicitFileType = wrapper.cfbundle; includeInIndex = 0; path = BitterUITests.xctest; sourceTree = BUILT_PRODUCTS_DIR; };
		ED4A8DA11D21B7E3009A3937 /* BitterUITests.swift */ = {isa = PBXFileReference; lastKnownFileType = sourcecode.swift; path = BitterUITests.swift; sourceTree = "<group>"; };
		ED4A8DA31D21B7E3009A3937 /* Info.plist */ = {isa = PBXFileReference; lastKnownFileType = text.plist.xml; path = Info.plist; sourceTree = "<group>"; };
		ED98965D1D21C44D0012939D /* LoginViewController.swift */ = {isa = PBXFileReference; fileEncoding = 4; lastKnownFileType = sourcecode.swift; path = LoginViewController.swift; sourceTree = "<group>"; };
		ED9896621D21DAD30012939D /* User.swift */ = {isa = PBXFileReference; fileEncoding = 4; lastKnownFileType = sourcecode.swift; path = User.swift; sourceTree = "<group>"; };
		ED9896641D21DAFB0012939D /* Tweet.swift */ = {isa = PBXFileReference; fileEncoding = 4; lastKnownFileType = sourcecode.swift; path = Tweet.swift; sourceTree = "<group>"; };
		ED9896661D21E7940012939D /* TwitterClient.swift */ = {isa = PBXFileReference; fileEncoding = 4; lastKnownFileType = sourcecode.swift; path = TwitterClient.swift; sourceTree = "<group>"; };
/* End PBXFileReference section */

/* Begin PBXFrameworksBuildPhase section */
		ED4A8D7B1D21B7E2009A3937 /* Frameworks */ = {
			isa = PBXFrameworksBuildPhase;
			buildActionMask = 2147483647;
			files = (
				CE5AABA9F7B05F7A526308B9 /* Pods_Bitter.framework in Frameworks */,
			);
			runOnlyForDeploymentPostprocessing = 0;
		};
		ED4A8D8F1D21B7E3009A3937 /* Frameworks */ = {
			isa = PBXFrameworksBuildPhase;
			buildActionMask = 2147483647;
			files = (
				9A3BEBFE3602754A7F1E8DC1 /* Pods_BitterTests.framework in Frameworks */,
			);
			runOnlyForDeploymentPostprocessing = 0;
		};
		ED4A8D9A1D21B7E3009A3937 /* Frameworks */ = {
			isa = PBXFrameworksBuildPhase;
			buildActionMask = 2147483647;
			files = (
				6176D85C853301776C40AAAA /* Pods_BitterUITests.framework in Frameworks */,
			);
			runOnlyForDeploymentPostprocessing = 0;
		};
/* End PBXFrameworksBuildPhase section */

/* Begin PBXGroup section */
		596BC4FE1D62C67CE6C5A47E /* Pods */ = {
			isa = PBXGroup;
			children = (
				99F18DCBBCEC8FC41BA741EA /* Pods-Bitter.debug.xcconfig */,
				41135003B43BB3D3D9405175 /* Pods-Bitter.release.xcconfig */,
				BCA5DDE28B8DBCD4F8582FF5 /* Pods-BitterTests.debug.xcconfig */,
				8AC8A0560BF908062266A6E0 /* Pods-BitterTests.release.xcconfig */,
				832FDFE577637898116F9113 /* Pods-BitterUITests.debug.xcconfig */,
				762B997633154272DCE5D20C /* Pods-BitterUITests.release.xcconfig */,
			);
			name = Pods;
			sourceTree = "<group>";
		};
		ABFD2AA031DD701D8D3EE261 /* Frameworks */ = {
			isa = PBXGroup;
			children = (
				E0A5B7A35253DA4BDB0EF8DE /* Pods_Bitter.framework */,
				5C766D8019118EF57AAEC609 /* Pods_BitterTests.framework */,
				7040EE9EE38A8FDF8EAAFDBD /* Pods_BitterUITests.framework */,
			);
			name = Frameworks;
			sourceTree = "<group>";
		};
		ED201C341D234334005888E6 /* Cell */ = {
			isa = PBXGroup;
			children = (
				ED201C321D234318005888E6 /* TweetViewCell.swift */,
			);
			name = Cell;
			sourceTree = "<group>";
		};
		ED201C351D234341005888E6 /* Table Views */ = {
			isa = PBXGroup;
			children = (
				ED201C301D234263005888E6 /* TweetTableView.swift */,
			);
			name = "Table Views";
			sourceTree = "<group>";
		};
		ED4A8D751D21B7E2009A3937 = {
			isa = PBXGroup;
			children = (
				ED4A8D801D21B7E3009A3937 /* Bitter */,
				ED4A8D951D21B7E3009A3937 /* BitterTests */,
				ED4A8DA01D21B7E3009A3937 /* BitterUITests */,
				ED4A8D7F1D21B7E2009A3937 /* Products */,
				596BC4FE1D62C67CE6C5A47E /* Pods */,
				ABFD2AA031DD701D8D3EE261 /* Frameworks */,
			);
			sourceTree = "<group>";
		};
		ED4A8D7F1D21B7E2009A3937 /* Products */ = {
			isa = PBXGroup;
			children = (
				ED4A8D7E1D21B7E2009A3937 /* Bitter.app */,
				ED4A8D921D21B7E3009A3937 /* BitterTests.xctest */,
				ED4A8D9D1D21B7E3009A3937 /* BitterUITests.xctest */,
			);
			name = Products;
			sourceTree = "<group>";
		};
		ED4A8D801D21B7E3009A3937 /* Bitter */ = {
			isa = PBXGroup;
			children = (
				ED201C351D234341005888E6 /* Table Views */,
				ED201C341D234334005888E6 /* Cell */,
				ED9896611D21DA930012939D /* API */,
				ED9896601D21DA7B0012939D /* Models */,
				ED98965F1D21C4920012939D /* View Controllers */,
				ED4A8D811D21B7E3009A3937 /* AppDelegate.swift */,
				ED4A8D851D21B7E3009A3937 /* Main.storyboard */,
				ED4A8D881D21B7E3009A3937 /* Assets.xcassets */,
				ED4A8D8A1D21B7E3009A3937 /* LaunchScreen.storyboard */,
				ED4A8D8D1D21B7E3009A3937 /* Info.plist */,
			);
			path = Bitter;
			sourceTree = "<group>";
		};
		ED4A8D951D21B7E3009A3937 /* BitterTests */ = {
			isa = PBXGroup;
			children = (
				ED4A8D961D21B7E3009A3937 /* BitterTests.swift */,
				ED4A8D981D21B7E3009A3937 /* Info.plist */,
			);
			path = BitterTests;
			sourceTree = "<group>";
		};
		ED4A8DA01D21B7E3009A3937 /* BitterUITests */ = {
			isa = PBXGroup;
			children = (
				ED4A8DA11D21B7E3009A3937 /* BitterUITests.swift */,
				ED4A8DA31D21B7E3009A3937 /* Info.plist */,
			);
			path = BitterUITests;
			sourceTree = "<group>";
		};
		ED98965F1D21C4920012939D /* View Controllers */ = {
			isa = PBXGroup;
			children = (
				ED98965D1D21C44D0012939D /* LoginViewController.swift */,
				ED4A8D831D21B7E3009A3937 /* ViewController.swift */,
				ED201C2E1D231AFE005888E6 /* TweetsViewController.swift */,
			);
			name = "View Controllers";
			sourceTree = "<group>";
		};
		ED9896601D21DA7B0012939D /* Models */ = {
			isa = PBXGroup;
			children = (
				ED9896621D21DAD30012939D /* User.swift */,
				ED9896641D21DAFB0012939D /* Tweet.swift */,
			);
			name = Models;
			sourceTree = "<group>";
		};
		ED9896611D21DA930012939D /* API */ = {
			isa = PBXGroup;
			children = (
				ED9896661D21E7940012939D /* TwitterClient.swift */,
			);
			name = API;
			sourceTree = "<group>";
		};
/* End PBXGroup section */

/* Begin PBXNativeTarget section */
		ED4A8D7D1D21B7E2009A3937 /* Bitter */ = {
			isa = PBXNativeTarget;
			buildConfigurationList = ED4A8DA61D21B7E3009A3937 /* Build configuration list for PBXNativeTarget "Bitter" */;
			buildPhases = (
				A62AEDC80769E1F5EABD4E81 /* [CP] Check Pods Manifest.lock */,
				ED4A8D7A1D21B7E2009A3937 /* Sources */,
				ED4A8D7B1D21B7E2009A3937 /* Frameworks */,
				ED4A8D7C1D21B7E2009A3937 /* Resources */,
				228A69242856AFDC77E90A5A /* [CP] Embed Pods Frameworks */,
				57D642673659B4B7B6B0347B /* [CP] Copy Pods Resources */,
			);
			buildRules = (
			);
			dependencies = (
			);
			name = Bitter;
			productName = Bitter;
			productReference = ED4A8D7E1D21B7E2009A3937 /* Bitter.app */;
			productType = "com.apple.product-type.application";
		};
		ED4A8D911D21B7E3009A3937 /* BitterTests */ = {
			isa = PBXNativeTarget;
			buildConfigurationList = ED4A8DA91D21B7E3009A3937 /* Build configuration list for PBXNativeTarget "BitterTests" */;
			buildPhases = (
				20B1E006901825CE60605E13 /* [CP] Check Pods Manifest.lock */,
				ED4A8D8E1D21B7E3009A3937 /* Sources */,
				ED4A8D8F1D21B7E3009A3937 /* Frameworks */,
				ED4A8D901D21B7E3009A3937 /* Resources */,
				06CA628D5B9AFE10DE88AC35 /* [CP] Embed Pods Frameworks */,
				4A9DCE8B1D9A34136B9C7D02 /* [CP] Copy Pods Resources */,
			);
			buildRules = (
			);
			dependencies = (
				ED4A8D941D21B7E3009A3937 /* PBXTargetDependency */,
			);
			name = BitterTests;
			productName = BitterTests;
			productReference = ED4A8D921D21B7E3009A3937 /* BitterTests.xctest */;
			productType = "com.apple.product-type.bundle.unit-test";
		};
		ED4A8D9C1D21B7E3009A3937 /* BitterUITests */ = {
			isa = PBXNativeTarget;
			buildConfigurationList = ED4A8DAC1D21B7E3009A3937 /* Build configuration list for PBXNativeTarget "BitterUITests" */;
			buildPhases = (
				3545BA73355D3726CFD030EB /* [CP] Check Pods Manifest.lock */,
				ED4A8D991D21B7E3009A3937 /* Sources */,
				ED4A8D9A1D21B7E3009A3937 /* Frameworks */,
				ED4A8D9B1D21B7E3009A3937 /* Resources */,
				05A45AE74A075B7805FFF2F1 /* [CP] Copy Pods Resources */,
			);
			buildRules = (
			);
			dependencies = (
				ED4A8D9F1D21B7E3009A3937 /* PBXTargetDependency */,
			);
			name = BitterUITests;
			productName = BitterUITests;
			productReference = ED4A8D9D1D21B7E3009A3937 /* BitterUITests.xctest */;
			productType = "com.apple.product-type.bundle.ui-testing";
		};
/* End PBXNativeTarget section */

/* Begin PBXProject section */
		ED4A8D761D21B7E2009A3937 /* Project object */ = {
			isa = PBXProject;
			attributes = {
				LastSwiftUpdateCheck = 0730;
				LastUpgradeCheck = 0730;
				ORGANIZATIONNAME = "Jedidiah Akano";
				TargetAttributes = {
					ED4A8D7D1D21B7E2009A3937 = {
						CreatedOnToolsVersion = 7.3.1;
						DevelopmentTeam = LS8VE544J4;
					};
					ED4A8D911D21B7E3009A3937 = {
						CreatedOnToolsVersion = 7.3.1;
						TestTargetID = ED4A8D7D1D21B7E2009A3937;
					};
					ED4A8D9C1D21B7E3009A3937 = {
						CreatedOnToolsVersion = 7.3.1;
						TestTargetID = ED4A8D7D1D21B7E2009A3937;
					};
				};
			};
			buildConfigurationList = ED4A8D791D21B7E2009A3937 /* Build configuration list for PBXProject "Bitter" */;
			compatibilityVersion = "Xcode 3.2";
			developmentRegion = English;
			hasScannedForEncodings = 0;
			knownRegions = (
				en,
				Base,
			);
			mainGroup = ED4A8D751D21B7E2009A3937;
			productRefGroup = ED4A8D7F1D21B7E2009A3937 /* Products */;
			projectDirPath = "";
			projectRoot = "";
			targets = (
				ED4A8D7D1D21B7E2009A3937 /* Bitter */,
				ED4A8D911D21B7E3009A3937 /* BitterTests */,
				ED4A8D9C1D21B7E3009A3937 /* BitterUITests */,
			);
		};
/* End PBXProject section */

/* Begin PBXResourcesBuildPhase section */
		ED4A8D7C1D21B7E2009A3937 /* Resources */ = {
			isa = PBXResourcesBuildPhase;
			buildActionMask = 2147483647;
			files = (
				ED4A8D8C1D21B7E3009A3937 /* LaunchScreen.storyboard in Resources */,
				ED4A8D891D21B7E3009A3937 /* Assets.xcassets in Resources */,
				ED4A8D871D21B7E3009A3937 /* Main.storyboard in Resources */,
			);
			runOnlyForDeploymentPostprocessing = 0;
		};
		ED4A8D901D21B7E3009A3937 /* Resources */ = {
			isa = PBXResourcesBuildPhase;
			buildActionMask = 2147483647;
			files = (
			);
			runOnlyForDeploymentPostprocessing = 0;
		};
		ED4A8D9B1D21B7E3009A3937 /* Resources */ = {
			isa = PBXResourcesBuildPhase;
			buildActionMask = 2147483647;
			files = (
			);
			runOnlyForDeploymentPostprocessing = 0;
		};
/* End PBXResourcesBuildPhase section */

/* Begin PBXShellScriptBuildPhase section */
		05A45AE74A075B7805FFF2F1 /* [CP] Copy Pods Resources */ = {
			isa = PBXShellScriptBuildPhase;
			buildActionMask = 2147483647;
			files = (
			);
			inputPaths = (
			);
			name = "[CP] Copy Pods Resources";
			outputPaths = (
			);
			runOnlyForDeploymentPostprocessing = 0;
			shellPath = /bin/sh;
			shellScript = "\"${SRCROOT}/Pods/Target Support Files/Pods-BitterUITests/Pods-BitterUITests-resources.sh\"\n";
			showEnvVarsInLog = 0;
		};
		06CA628D5B9AFE10DE88AC35 /* [CP] Embed Pods Frameworks */ = {
			isa = PBXShellScriptBuildPhase;
			buildActionMask = 2147483647;
			files = (
			);
			inputPaths = (
			);
			name = "[CP] Embed Pods Frameworks";
			outputPaths = (
			);
			runOnlyForDeploymentPostprocessing = 0;
			shellPath = /bin/sh;
			shellScript = "\"${SRCROOT}/Pods/Target Support Files/Pods-BitterTests/Pods-BitterTests-frameworks.sh\"\n";
			showEnvVarsInLog = 0;
		};
		20B1E006901825CE60605E13 /* [CP] Check Pods Manifest.lock */ = {
			isa = PBXShellScriptBuildPhase;
			buildActionMask = 2147483647;
			files = (
			);
			inputPaths = (
			);
			name = "[CP] Check Pods Manifest.lock";
			outputPaths = (
			);
			runOnlyForDeploymentPostprocessing = 0;
			shellPath = /bin/sh;
			shellScript = "diff \"${PODS_ROOT}/../Podfile.lock\" \"${PODS_ROOT}/Manifest.lock\" > /dev/null\nif [[ $? != 0 ]] ; then\n    cat << EOM\nerror: The sandbox is not in sync with the Podfile.lock. Run 'pod install' or update your CocoaPods installation.\nEOM\n    exit 1\nfi\n";
			showEnvVarsInLog = 0;
		};
		228A69242856AFDC77E90A5A /* [CP] Embed Pods Frameworks */ = {
			isa = PBXShellScriptBuildPhase;
			buildActionMask = 2147483647;
			files = (
			);
			inputPaths = (
			);
			name = "[CP] Embed Pods Frameworks";
			outputPaths = (
			);
			runOnlyForDeploymentPostprocessing = 0;
			shellPath = /bin/sh;
			shellScript = "\"${SRCROOT}/Pods/Target Support Files/Pods-Bitter/Pods-Bitter-frameworks.sh\"\n";
			showEnvVarsInLog = 0;
		};
		3545BA73355D3726CFD030EB /* [CP] Check Pods Manifest.lock */ = {
			isa = PBXShellScriptBuildPhase;
			buildActionMask = 2147483647;
			files = (
			);
			inputPaths = (
			);
			name = "[CP] Check Pods Manifest.lock";
			outputPaths = (
			);
			runOnlyForDeploymentPostprocessing = 0;
			shellPath = /bin/sh;
			shellScript = "diff \"${PODS_ROOT}/../Podfile.lock\" \"${PODS_ROOT}/Manifest.lock\" > /dev/null\nif [[ $? != 0 ]] ; then\n    cat << EOM\nerror: The sandbox is not in sync with the Podfile.lock. Run 'pod install' or update your CocoaPods installation.\nEOM\n    exit 1\nfi\n";
			showEnvVarsInLog = 0;
		};
		4A9DCE8B1D9A34136B9C7D02 /* [CP] Copy Pods Resources */ = {
			isa = PBXShellScriptBuildPhase;
			buildActionMask = 2147483647;
			files = (
			);
			inputPaths = (
			);
			name = "[CP] Copy Pods Resources";
			outputPaths = (
			);
			runOnlyForDeploymentPostprocessing = 0;
			shellPath = /bin/sh;
			shellScript = "\"${SRCROOT}/Pods/Target Support Files/Pods-BitterTests/Pods-BitterTests-resources.sh\"\n";
			showEnvVarsInLog = 0;
		};
		57D642673659B4B7B6B0347B /* [CP] Copy Pods Resources */ = {
			isa = PBXShellScriptBuildPhase;
			buildActionMask = 2147483647;
			files = (
			);
			inputPaths = (
			);
			name = "[CP] Copy Pods Resources";
			outputPaths = (
			);
			runOnlyForDeploymentPostprocessing = 0;
			shellPath = /bin/sh;
			shellScript = "\"${SRCROOT}/Pods/Target Support Files/Pods-Bitter/Pods-Bitter-resources.sh\"\n";
			showEnvVarsInLog = 0;
		};
		A62AEDC80769E1F5EABD4E81 /* [CP] Check Pods Manifest.lock */ = {
			isa = PBXShellScriptBuildPhase;
			buildActionMask = 2147483647;
			files = (
			);
			inputPaths = (
			);
			name = "[CP] Check Pods Manifest.lock";
			outputPaths = (
			);
			runOnlyForDeploymentPostprocessing = 0;
			shellPath = /bin/sh;
			shellScript = "diff \"${PODS_ROOT}/../Podfile.lock\" \"${PODS_ROOT}/Manifest.lock\" > /dev/null\nif [[ $? != 0 ]] ; then\n    cat << EOM\nerror: The sandbox is not in sync with the Podfile.lock. Run 'pod install' or update your CocoaPods installation.\nEOM\n    exit 1\nfi\n";
			showEnvVarsInLog = 0;
		};
/* End PBXShellScriptBuildPhase section */

/* Begin PBXSourcesBuildPhase section */
		ED4A8D7A1D21B7E2009A3937 /* Sources */ = {
			isa = PBXSourcesBuildPhase;
			buildActionMask = 2147483647;
			files = (
				ED9896631D21DAD30012939D /* User.swift in Sources */,
				ED9896651D21DAFB0012939D /* Tweet.swift in Sources */,
				ED98965E1D21C44D0012939D /* LoginViewController.swift in Sources */,
				ED201C311D234263005888E6 /* TweetTableView.swift in Sources */,
				ED4A8D841D21B7E3009A3937 /* ViewController.swift in Sources */,
				ED201C2F1D231AFE005888E6 /* TweetsViewController.swift in Sources */,
				ED9896671D21E7940012939D /* TwitterClient.swift in Sources */,
				ED201C331D234318005888E6 /* TweetViewCell.swift in Sources */,
				ED4A8D821D21B7E3009A3937 /* AppDelegate.swift in Sources */,
			);
			runOnlyForDeploymentPostprocessing = 0;
		};
		ED4A8D8E1D21B7E3009A3937 /* Sources */ = {
			isa = PBXSourcesBuildPhase;
			buildActionMask = 2147483647;
			files = (
				ED4A8D971D21B7E3009A3937 /* BitterTests.swift in Sources */,
			);
			runOnlyForDeploymentPostprocessing = 0;
		};
		ED4A8D991D21B7E3009A3937 /* Sources */ = {
			isa = PBXSourcesBuildPhase;
			buildActionMask = 2147483647;
			files = (
				ED4A8DA21D21B7E3009A3937 /* BitterUITests.swift in Sources */,
			);
			runOnlyForDeploymentPostprocessing = 0;
		};
/* End PBXSourcesBuildPhase section */

/* Begin PBXTargetDependency section */
		ED4A8D941D21B7E3009A3937 /* PBXTargetDependency */ = {
			isa = PBXTargetDependency;
			target = ED4A8D7D1D21B7E2009A3937 /* Bitter */;
			targetProxy = ED4A8D931D21B7E3009A3937 /* PBXContainerItemProxy */;
		};
		ED4A8D9F1D21B7E3009A3937 /* PBXTargetDependency */ = {
			isa = PBXTargetDependency;
			target = ED4A8D7D1D21B7E2009A3937 /* Bitter */;
			targetProxy = ED4A8D9E1D21B7E3009A3937 /* PBXContainerItemProxy */;
		};
/* End PBXTargetDependency section */

/* Begin PBXVariantGroup section */
		ED4A8D851D21B7E3009A3937 /* Main.storyboard */ = {
			isa = PBXVariantGroup;
			children = (
				ED4A8D861D21B7E3009A3937 /* Base */,
			);
			name = Main.storyboard;
			sourceTree = "<group>";
		};
		ED4A8D8A1D21B7E3009A3937 /* LaunchScreen.storyboard */ = {
			isa = PBXVariantGroup;
			children = (
				ED4A8D8B1D21B7E3009A3937 /* Base */,
			);
			name = LaunchScreen.storyboard;
			sourceTree = "<group>";
		};
/* End PBXVariantGroup section */

/* Begin XCBuildConfiguration section */
		ED4A8DA41D21B7E3009A3937 /* Debug */ = {
			isa = XCBuildConfiguration;
			buildSettings = {
				ALWAYS_SEARCH_USER_PATHS = NO;
				CLANG_ANALYZER_NONNULL = YES;
				CLANG_CXX_LANGUAGE_STANDARD = "gnu++0x";
				CLANG_CXX_LIBRARY = "libc++";
				CLANG_ENABLE_MODULES = YES;
				CLANG_ENABLE_OBJC_ARC = YES;
				CLANG_WARN_BOOL_CONVERSION = YES;
				CLANG_WARN_CONSTANT_CONVERSION = YES;
				CLANG_WARN_DIRECT_OBJC_ISA_USAGE = YES_ERROR;
				CLANG_WARN_EMPTY_BODY = YES;
				CLANG_WARN_ENUM_CONVERSION = YES;
				CLANG_WARN_INT_CONVERSION = YES;
				CLANG_WARN_OBJC_ROOT_CLASS = YES_ERROR;
				CLANG_WARN_UNREACHABLE_CODE = YES;
				CLANG_WARN__DUPLICATE_METHOD_MATCH = YES;
				"CODE_SIGN_IDENTITY[sdk=iphoneos*]" = "iPhone Developer";
				COPY_PHASE_STRIP = NO;
				DEBUG_INFORMATION_FORMAT = dwarf;
				ENABLE_STRICT_OBJC_MSGSEND = YES;
				ENABLE_TESTABILITY = YES;
				GCC_C_LANGUAGE_STANDARD = gnu99;
				GCC_DYNAMIC_NO_PIC = NO;
				GCC_NO_COMMON_BLOCKS = YES;
				GCC_OPTIMIZATION_LEVEL = 0;
				GCC_PREPROCESSOR_DEFINITIONS = (
					"DEBUG=1",
					"$(inherited)",
				);
				GCC_WARN_64_TO_32_BIT_CONVERSION = YES;
				GCC_WARN_ABOUT_RETURN_TYPE = YES_ERROR;
				GCC_WARN_UNDECLARED_SELECTOR = YES;
				GCC_WARN_UNINITIALIZED_AUTOS = YES_AGGRESSIVE;
				GCC_WARN_UNUSED_FUNCTION = YES;
				GCC_WARN_UNUSED_VARIABLE = YES;
				IPHONEOS_DEPLOYMENT_TARGET = 9.3;
				MTL_ENABLE_DEBUG_INFO = YES;
				ONLY_ACTIVE_ARCH = YES;
				SDKROOT = iphoneos;
				SWIFT_OPTIMIZATION_LEVEL = "-Onone";
			};
			name = Debug;
		};
		ED4A8DA51D21B7E3009A3937 /* Release */ = {
			isa = XCBuildConfiguration;
			buildSettings = {
				ALWAYS_SEARCH_USER_PATHS = NO;
				CLANG_ANALYZER_NONNULL = YES;
				CLANG_CXX_LANGUAGE_STANDARD = "gnu++0x";
				CLANG_CXX_LIBRARY = "libc++";
				CLANG_ENABLE_MODULES = YES;
				CLANG_ENABLE_OBJC_ARC = YES;
				CLANG_WARN_BOOL_CONVERSION = YES;
				CLANG_WARN_CONSTANT_CONVERSION = YES;
				CLANG_WARN_DIRECT_OBJC_ISA_USAGE = YES_ERROR;
				CLANG_WARN_EMPTY_BODY = YES;
				CLANG_WARN_ENUM_CONVERSION = YES;
				CLANG_WARN_INT_CONVERSION = YES;
				CLANG_WARN_OBJC_ROOT_CLASS = YES_ERROR;
				CLANG_WARN_UNREACHABLE_CODE = YES;
				CLANG_WARN__DUPLICATE_METHOD_MATCH = YES;
				"CODE_SIGN_IDENTITY[sdk=iphoneos*]" = "iPhone Developer";
				COPY_PHASE_STRIP = NO;
				DEBUG_INFORMATION_FORMAT = "dwarf-with-dsym";
				ENABLE_NS_ASSERTIONS = NO;
				ENABLE_STRICT_OBJC_MSGSEND = YES;
				GCC_C_LANGUAGE_STANDARD = gnu99;
				GCC_NO_COMMON_BLOCKS = YES;
				GCC_WARN_64_TO_32_BIT_CONVERSION = YES;
				GCC_WARN_ABOUT_RETURN_TYPE = YES_ERROR;
				GCC_WARN_UNDECLARED_SELECTOR = YES;
				GCC_WARN_UNINITIALIZED_AUTOS = YES_AGGRESSIVE;
				GCC_WARN_UNUSED_FUNCTION = YES;
				GCC_WARN_UNUSED_VARIABLE = YES;
				IPHONEOS_DEPLOYMENT_TARGET = 9.3;
				MTL_ENABLE_DEBUG_INFO = NO;
				SDKROOT = iphoneos;
				VALIDATE_PRODUCT = YES;
			};
			name = Release;
		};
		ED4A8DA71D21B7E3009A3937 /* Debug */ = {
			isa = XCBuildConfiguration;
			baseConfigurationReference = 99F18DCBBCEC8FC41BA741EA /* Pods-Bitter.debug.xcconfig */;
			buildSettings = {
				ASSETCATALOG_COMPILER_APPICON_NAME = AppIcon;
				CODE_SIGN_IDENTITY = "iPhone Developer";
				"CODE_SIGN_IDENTITY[sdk=iphoneos*]" = "iPhone Developer";
				INFOPLIST_FILE = Bitter/Info.plist;
				LD_RUNPATH_SEARCH_PATHS = "$(inherited) @executable_path/Frameworks";
				PRODUCT_BUNDLE_IDENTIFIER = Facebook.com.Bitter;
				PRODUCT_NAME = "$(TARGET_NAME)";
				PROVISIONING_PROFILE = "";
			};
			name = Debug;
		};
		ED4A8DA81D21B7E3009A3937 /* Release */ = {
			isa = XCBuildConfiguration;
			baseConfigurationReference = 41135003B43BB3D3D9405175 /* Pods-Bitter.release.xcconfig */;
			buildSettings = {
				ASSETCATALOG_COMPILER_APPICON_NAME = AppIcon;
				CODE_SIGN_IDENTITY = "iPhone Developer";
				"CODE_SIGN_IDENTITY[sdk=iphoneos*]" = "iPhone Developer";
				INFOPLIST_FILE = Bitter/Info.plist;
				LD_RUNPATH_SEARCH_PATHS = "$(inherited) @executable_path/Frameworks";
				PRODUCT_BUNDLE_IDENTIFIER = Facebook.com.Bitter;
				PRODUCT_NAME = "$(TARGET_NAME)";
				PROVISIONING_PROFILE = "";
			};
			name = Release;
		};
		ED4A8DAA1D21B7E3009A3937 /* Debug */ = {
			isa = XCBuildConfiguration;
			baseConfigurationReference = BCA5DDE28B8DBCD4F8582FF5 /* Pods-BitterTests.debug.xcconfig */;
			buildSettings = {
				BUNDLE_LOADER = "$(TEST_HOST)";
				INFOPLIST_FILE = BitterTests/Info.plist;
				LD_RUNPATH_SEARCH_PATHS = "$(inherited) @executable_path/Frameworks @loader_path/Frameworks";
				PRODUCT_BUNDLE_IDENTIFIER = Facebook.com.BitterTests;
				PRODUCT_NAME = "$(TARGET_NAME)";
				TEST_HOST = "$(BUILT_PRODUCTS_DIR)/Bitter.app/Bitter";
			};
			name = Debug;
		};
		ED4A8DAB1D21B7E3009A3937 /* Release */ = {
			isa = XCBuildConfiguration;
			baseConfigurationReference = 8AC8A0560BF908062266A6E0 /* Pods-BitterTests.release.xcconfig */;
			buildSettings = {
				BUNDLE_LOADER = "$(TEST_HOST)";
				INFOPLIST_FILE = BitterTests/Info.plist;
				LD_RUNPATH_SEARCH_PATHS = "$(inherited) @executable_path/Frameworks @loader_path/Frameworks";
				PRODUCT_BUNDLE_IDENTIFIER = Facebook.com.BitterTests;
				PRODUCT_NAME = "$(TARGET_NAME)";
				TEST_HOST = "$(BUILT_PRODUCTS_DIR)/Bitter.app/Bitter";
			};
			name = Release;
		};
		ED4A8DAD1D21B7E3009A3937 /* Debug */ = {
			isa = XCBuildConfiguration;
			baseConfigurationReference = 832FDFE577637898116F9113 /* Pods-BitterUITests.debug.xcconfig */;
			buildSettings = {
				INFOPLIST_FILE = BitterUITests/Info.plist;
				LD_RUNPATH_SEARCH_PATHS = "$(inherited) @executable_path/Frameworks @loader_path/Frameworks";
				PRODUCT_BUNDLE_IDENTIFIER = Facebook.com.BitterUITests;
				PRODUCT_NAME = "$(TARGET_NAME)";
				TEST_TARGET_NAME = Bitter;
			};
			name = Debug;
		};
		ED4A8DAE1D21B7E3009A3937 /* Release */ = {
			isa = XCBuildConfiguration;
			baseConfigurationReference = 762B997633154272DCE5D20C /* Pods-BitterUITests.release.xcconfig */;
			buildSettings = {
				INFOPLIST_FILE = BitterUITests/Info.plist;
				LD_RUNPATH_SEARCH_PATHS = "$(inherited) @executable_path/Frameworks @loader_path/Frameworks";
				PRODUCT_BUNDLE_IDENTIFIER = Facebook.com.BitterUITests;
				PRODUCT_NAME = "$(TARGET_NAME)";
				TEST_TARGET_NAME = Bitter;
			};
			name = Release;
		};
/* End XCBuildConfiguration section */

/* Begin XCConfigurationList section */
		ED4A8D791D21B7E2009A3937 /* Build configuration list for PBXProject "Bitter" */ = {
			isa = XCConfigurationList;
			buildConfigurations = (
				ED4A8DA41D21B7E3009A3937 /* Debug */,
				ED4A8DA51D21B7E3009A3937 /* Release */,
			);
			defaultConfigurationIsVisible = 0;
			defaultConfigurationName = Release;
		};
		ED4A8DA61D21B7E3009A3937 /* Build configuration list for PBXNativeTarget "Bitter" */ = {
			isa = XCConfigurationList;
			buildConfigurations = (
				ED4A8DA71D21B7E3009A3937 /* Debug */,
				ED4A8DA81D21B7E3009A3937 /* Release */,
			);
			defaultConfigurationIsVisible = 0;
			defaultConfigurationName = Release;
		};
		ED4A8DA91D21B7E3009A3937 /* Build configuration list for PBXNativeTarget "BitterTests" */ = {
			isa = XCConfigurationList;
			buildConfigurations = (
				ED4A8DAA1D21B7E3009A3937 /* Debug */,
				ED4A8DAB1D21B7E3009A3937 /* Release */,
			);
			defaultConfigurationIsVisible = 0;
			defaultConfigurationName = Release;
		};
		ED4A8DAC1D21B7E3009A3937 /* Build configuration list for PBXNativeTarget "BitterUITests" */ = {
			isa = XCConfigurationList;
			buildConfigurations = (
				ED4A8DAD1D21B7E3009A3937 /* Debug */,
				ED4A8DAE1D21B7E3009A3937 /* Release */,
			);
			defaultConfigurationIsVisible = 0;
			defaultConfigurationName = Release;
		};
/* End XCConfigurationList section */
	};
	rootObject = ED4A8D761D21B7E2009A3937 /* Project object */;
}
